
Microsoft Visual Studio Solution File, Format Version 12.00
# Visual Studio Version 17
VisualStudioVersion = 17.7.34009.444
MinimumVisualStudioVersion = 10.0.40219.1
Project("{F184B08F-C81C-45F6-A57F-5ABD9991F28F}") = "Interop", "Interop.vbproj", "{889B56E5-EC42-44E2-B6FD-2E25BD999BAE}"
EndProject
Global
	GlobalSection(SolutionConfigurationPlatforms) = preSolution
		Debug|Any CPU = Debug|Any CPU
		Release|Any CPU = Release|Any CPU
	EndGlobalSection
	GlobalSection(ProjectConfigurationPlatforms) = postSolution
		{889B56E5-EC42-44E2-B6FD-2E25BD999BAE}.Debug|Any CPU.ActiveCfg = Debug|Any CPU
		{889B56E5-EC42-44E2-B6FD-2E25BD999BAE}.Debug|Any CPU.Build.0 = Debug|Any CPU
		{889B56E5-EC42-44E2-B6FD-2E25BD999BAE}.Release|Any CPU.ActiveCfg = Release|Any CPU
		{889B56E5-EC42-44E2-B6FD-2E25BD999BAE}.Release|Any CPU.Build.0 = Release|Any CPU
	EndGlobalSection
	GlobalSection(SolutionProperties) = preSolution
		HideSolutionNode = FALSE
	EndGlobalSection
	GlobalSection(ExtensibilityGlobals) = postSolution
		SolutionGuid = {F2CDF1E9-C577-41D5-98ED-59E57A9792F9}
	EndGlobalSection
EndGlobal
